
Microsoft Visual Studio Solution File, Format Version 12.00
# Visual Studio Version 16
VisualStudioVersion = 16.0.30320.27
MinimumVisualStudioVersion = 10.0.40219.1
Project("{9A19103F-16F7-4668-BE54-9A1E7A4F7556}") = "WebApi", "WebApi\WebApi.csproj", "{0CCCAF07-3250-44F6-91DB-14FCA82A6D32}"
EndProject
Global
	GlobalSection(SolutionConfigurationPlatforms) = preSolution
		Debug|Any CPU = Debug|Any CPU
		Release|Any CPU = Release|Any CPU
	EndGlobalSection
	GlobalSection(ProjectConfigurationPlatforms) = postSolution
		{0CCCAF07-3250-44F6-91DB-14FCA82A6D32}.Debug|Any CPU.ActiveCfg = Debug|Any CPU
		{0CCCAF07-3250-44F6-91DB-14FCA82A6D32}.Debug|Any CPU.Build.0 = Debug|Any CPU
		{0CCCAF07-3250-44F6-91DB-14FCA82A6D32}.Release|Any CPU.ActiveCfg = Release|Any CPU
		{0CCCAF07-3250-44F6-91DB-14FCA82A6D32}.Release|Any CPU.Build.0 = Release|Any CPU
	EndGlobalSection
	GlobalSection(SolutionProperties) = preSolution
		HideSolutionNode = FALSE
	EndGlobalSection
	GlobalSection(ExtensibilityGlobals) = postSolution
		SolutionGuid = {0748E080-646B-4549-BB94-13CE615F63AC}
	EndGlobalSection
EndGlobal
